<Solution>
  <Folder Name="/src/">
    <Project Path="src/BreadLua.Generator/BreadLua.Generator.csproj" />
    <Project Path="src/BreadLua.Runtime/BreadLua.Runtime.csproj" />
  </Folder>
  <Folder Name="/tests/">
    <Project Path="tests/BreadLua.Tests/BreadLua.Tests.csproj" />
  </Folder>
  <Folder Name="/samples/">
    <Project Path="samples/BreadLua.Sample/BreadLua.Sample.csproj" />
  </Folder>
</Solution>
